
Microsoft Visual Studio Solution File, Format Version 12.00
# Visual Studio Version 17
VisualStudioVersion = 17.8.34322.80
MinimumVisualStudioVersion = 10.0.40219.1
Project("{FAE04EC0-301F-11D3-BF4B-00C04F79EFBC}") = "MarketFeeling.ScrapingWorker", "MarketFeeling.ScrapingWorker\MarketFeeling.ScrapingWorker.csproj", "{3101001E-520C-401A-8085-864BA53342B7}"
EndProject
Project("{FAE04EC0-301F-11D3-BF4B-00C04F79EFBC}") = "MarketFeeling.CnbcScraper", "MarketFeeling.CnbcScraper\MarketFeeling.CnbcScraper.csproj", "{F4E57AEE-B723-40AE-844E-8184E1CA9E77}"
EndProject
Project("{FAE04EC0-301F-11D3-BF4B-00C04F79EFBC}") = "MarketFeeling.ChatGptClient", "MarketFeeling.ChatGptClient\MarketFeeling.ChatGptClient.csproj", "{69E8651C-B934-4BDC-9E93-F62079714419}"
EndProject
Global
	GlobalSection(SolutionConfigurationPlatforms) = preSolution
		Debug|Any CPU = Debug|Any CPU
		Release|Any CPU = Release|Any CPU
	EndGlobalSection
	GlobalSection(ProjectConfigurationPlatforms) = postSolution
		{3101001E-520C-401A-8085-864BA53342B7}.Debug|Any CPU.ActiveCfg = Debug|Any CPU
		{3101001E-520C-401A-8085-864BA53342B7}.Debug|Any CPU.Build.0 = Debug|Any CPU
		{3101001E-520C-401A-8085-864BA53342B7}.Release|Any CPU.ActiveCfg = Release|Any CPU
		{3101001E-520C-401A-8085-864BA53342B7}.Release|Any CPU.Build.0 = Release|Any CPU
		{F4E57AEE-B723-40AE-844E-8184E1CA9E77}.Debug|Any CPU.ActiveCfg = Debug|Any CPU
		{F4E57AEE-B723-40AE-844E-8184E1CA9E77}.Debug|Any CPU.Build.0 = Debug|Any CPU
		{F4E57AEE-B723-40AE-844E-8184E1CA9E77}.Release|Any CPU.ActiveCfg = Release|Any CPU
		{F4E57AEE-B723-40AE-844E-8184E1CA9E77}.Release|Any CPU.Build.0 = Release|Any CPU
		{69E8651C-B934-4BDC-9E93-F62079714419}.Debug|Any CPU.ActiveCfg = Debug|Any CPU
		{69E8651C-B934-4BDC-9E93-F62079714419}.Debug|Any CPU.Build.0 = Debug|Any CPU
		{69E8651C-B934-4BDC-9E93-F62079714419}.Release|Any CPU.ActiveCfg = Release|Any CPU
		{69E8651C-B934-4BDC-9E93-F62079714419}.Release|Any CPU.Build.0 = Release|Any CPU
	EndGlobalSection
	GlobalSection(SolutionProperties) = preSolution
		HideSolutionNode = FALSE
	EndGlobalSection
	GlobalSection(ExtensibilityGlobals) = postSolution
		SolutionGuid = {D95EE44E-BCD9-45C8-A83F-23E6B5A9CC4D}
	EndGlobalSection
EndGlobal
